# THIS IS AN AUTOGENERATED FILE. DO NOT EDIT THIS FILE DIRECTLY.
# yarn lockfile v1


ansi-styles@^3.1.0:
  version "3.2.1"
  resolved "https://registry.npmjs.org/ansi-styles/-/ansi-styles-3.2.1.tgz#41fbb20243e50b12be0f04b8dedbf07520ce841d"
  integrity sha512-VT0ZI6kZRdTh8YyJw3SMbYm/u+NqfsAxEpWO0Pf9sq8/e94WxxOpPKx9FR1FlyCtOVDNOQ+8ntlqFxiRc+r5qA==
  dependencies:
    color-convert "^1.9.0"

chalk@2.3.0:
  version "2.3.0"
  resolved "https://registry.npmjs.org/chalk/-/chalk-2.3.0.tgz#b5ea48efc9c1793dccc9b4767c93914d3f2d52ba"
  integrity sha512-Az5zJR2CBujap2rqXGaJKaPHyJ0IrUimvYNX+ncCy8PJP4ltOGTrHUIo097ZaL2zMeKYpiCdqDvS6zdrTFok3Q==
  dependencies:
    ansi-styles "^3.1.0"
    escape-string-regexp "^1.0.5"
    supports-color "^4.0.0"

color-convert@^1.9.0:
  version "1.9.3"
  resolved "https://registry.npmjs.org/color-convert/-/color-convert-1.9.3.tgz#bb71850690e1f136567de629d2d5471deda4c1e8"
  integrity sha512-QfAUtd+vFdAtFQcC8CCyYt1fYWxSqAiK2cSD6zDB8N3cpsEBAvRxp9zOGg6G/SHHJYAT88/az/IuDGALsNVbGg==
  dependencies:
    color-name "1.1.3"

color-name@1.1.3:
  version "1.1.3"
  resolved "https://registry.npmjs.org/color-name/-/color-name-1.1.3.tgz#a7d0558bd89c42f795dd42328f740831ca53bc25"
  integrity sha1-p9BVi9icQveV3UIyj3QIMcpTvCU=

escape-string-regexp@^1.0.5:
  version "1.0.5"
  resolved "https://registry.npmjs.org/escape-string-regexp/-/escape-string-regexp-1.0.5.tgz#1b61c0562190a8dff6ae3bb2cf0200ca130b86d4"
  integrity sha1-G2HAViGQqN/2rjuyzwIAyhMLhtQ=

has-flag@^2.0.0:
  version "2.0.0"
  resolved "https://registry.npmjs.org/has-flag/-/has-flag-2.0.0.tgz#e8207af1cc7b30d446cc70b734b5e8be18f88d51"
  integrity sha1-6CB68cx7MNRGzHC3NLXovhj4jVE=

lodash.padend@4.6.1:
  version "4.6.1"
  resolved "https://registry.npmjs.org/lodash.padend/-/lodash.padend-4.6.1.tgz#53ccba047d06e158d311f45da625f4e49e6f166e"
  integrity sha1-U8y6BH0G4VjTEfRdpiX05J5vFm4=

lodash@4.17.11:
  version "4.17.11"
  resolved "https://registry.npmjs.org/lodash/-/lodash-4.17.11.tgz#b39ea6229ef607ecd89e2c8df12536891cac9b8d"
  integrity sha512-cQKh8igo5QUhZ7lg38DYWAxMvjSAKG0A8wGSVimP07SIUEK2UO+arSRKbRZWtelMtN5V0Hkwh5ryOto/SshYIg==

microargs@1.1.2:
  version "1.1.2"
  resolved "https://registry.npmjs.org/microargs/-/microargs-1.1.2.tgz#725fbedcf120db12317d3eda534d3f19af867733"
  integrity sha512-fUrX9ozzzUX6JlDoNXmUM5i4B0uBF5xPznZ0Y/izM9wOtAaTf44V2vUCRgGBLUq/SeGIcDgfnEZDVoT92HId0g==

microcli@1.3.3:
  version "1.3.3"
  resolved "https://registry.npmjs.org/microcli/-/microcli-1.3.3.tgz#27f1b330b0f935be6314f298972105a325f731e7"
  integrity sha512-1isRaEBpfRC8vJMJymKknAH8CdPFABuWPVc18rlRWHOCcHLYEkJxcoH7FNkX7AuTGrB4Uf1ve6B0s/FfwzGWKg==
  dependencies:
    lodash "4.17.11"
    microargs "1.1.2"

omelette@0.4.5:
  version "0.4.5"
  resolved "https://registry.npmjs.org/omelette/-/omelette-0.4.5.tgz#f16bc477b7e263b59796a65661964e4762e9ae74"
  integrity sha512-b0k9uqwF60u15KmVkneVw96VYRtZu2QCbXUQ26SgdyVUgMBzctzIfhNPKAWl4oqJEKpe52CzBYSS+HIKtiK8sw==

prettier@^2.5.1:
  version "2.5.1"
  resolved "https://registry.npmjs.org/prettier/-/prettier-2.5.1.tgz#fff75fa9d519c54cf0fce328c1017d94546bc56a"
  integrity sha512-vBZcPRUR5MZJwoyi3ZoyQlc1rXeEck8KgeC9AwwOn+exuxLxq5toTRDTSaVrXHxelDMHy9zlicw8u66yxoSUFg==

runjs@^4.4.2:
  version "4.4.2"
  resolved "https://registry.npmjs.org/runjs/-/runjs-4.4.2.tgz#3adf5b53ad1b119b846b3cae1334e9ab7ff34920"
  integrity sha512-/DB54HRJnxfGA/a9QLZMyAn8H84SMt8oVGF7Vz+OS4BMCve312DXNRpy6Z8yohLuoMctoalXQtvmpd2ChQYD4Q==
  dependencies:
    chalk "2.3.0"
    lodash.padend "4.6.1"
    microcli "1.3.3"
    omelette "0.4.5"

supports-color@^4.0.0:
  version "4.5.0"
  resolved "https://registry.npmjs.org/supports-color/-/supports-color-4.5.0.tgz#be7a0de484dec5c5cddf8b3d59125044912f635b"
  integrity sha1-vnoN5ITexcXN34s9WRJQRJEvY1s=
  dependencies:
    has-flag "^2.0.0"
